
Microsoft Visual Studio Solution File, Format Version 12.00
Project("{2150E333-8FDC-42A3-9474-1A3956D46DE8}") = "src", "src", "{033905AE-06F9-4538-8263-0542F5EFDDD0}"
EndProject
Project("{2150E333-8FDC-42A3-9474-1A3956D46DE8}") = "tests", "tests", "{9D42B03F-3CF5-4C8B-A2F5-F243FAD7E7E9}"
EndProject
Project("{2150E333-8FDC-42A3-9474-1A3956D46DE8}") = "Driven", "Driven", "{B3DE7AEC-8B26-4D3F-82AD-1334B0D28E50}"
EndProject
Project("{2150E333-8FDC-42A3-9474-1A3956D46DE8}") = "Driving", "Driving", "{90759CB9-1277-4212-850A-E7DE37255A63}"
EndProject
Project("{FAE04EC0-301F-11D3-BF4B-00C04F79EFBC}") = "Application", "src\Application\Application.csproj", "{6BE6C67F-2774-45A6-9922-438A1265F7AB}"
EndProject
Project("{FAE04EC0-301F-11D3-BF4B-00C04F79EFBC}") = "Domain", "src\Domain\Domain.csproj", "{97733100-5300-49C8-9FFA-C73A74485ECA}"
EndProject
Project("{FAE04EC0-301F-11D3-BF4B-00C04F79EFBC}") = "Persistence", "src\Adapters\Driven\Persistence\Persistence.csproj", "{B752336A-CF1A-423F-94D8-668D93C273D3}"
EndProject
Project("{FAE04EC0-301F-11D3-BF4B-00C04F79EFBC}") = "Api", "src\Adapters\Driving\Api\Api.csproj", "{73CE2ABC-9E30-42A1-BBD3-86B296A66F23}"
EndProject
Project("{FAE04EC0-301F-11D3-BF4B-00C04F79EFBC}") = "Tests", "tests\Tests\Tests.csproj", "{55E9FAA7-6064-42F9-873C-9B5C24F4E253}"
EndProject
Project("{2150E333-8FDC-42A3-9474-1A3956D46DE8}") = "Adapters", "Adapters", "{801E5298-F6D8-4CB3-B5B4-172A21602D0A}"
EndProject
Global
	GlobalSection(SolutionConfigurationPlatforms) = preSolution
		Debug|Any CPU = Debug|Any CPU
		Release|Any CPU = Release|Any CPU
	EndGlobalSection
	GlobalSection(NestedProjects) = preSolution
		{6BE6C67F-2774-45A6-9922-438A1265F7AB} = {033905AE-06F9-4538-8263-0542F5EFDDD0}
		{97733100-5300-49C8-9FFA-C73A74485ECA} = {033905AE-06F9-4538-8263-0542F5EFDDD0}
		{B752336A-CF1A-423F-94D8-668D93C273D3} = {B3DE7AEC-8B26-4D3F-82AD-1334B0D28E50}
		{73CE2ABC-9E30-42A1-BBD3-86B296A66F23} = {90759CB9-1277-4212-850A-E7DE37255A63}
		{55E9FAA7-6064-42F9-873C-9B5C24F4E253} = {9D42B03F-3CF5-4C8B-A2F5-F243FAD7E7E9}
		{801E5298-F6D8-4CB3-B5B4-172A21602D0A} = {033905AE-06F9-4538-8263-0542F5EFDDD0}
		{B3DE7AEC-8B26-4D3F-82AD-1334B0D28E50} = {801E5298-F6D8-4CB3-B5B4-172A21602D0A}
		{90759CB9-1277-4212-850A-E7DE37255A63} = {801E5298-F6D8-4CB3-B5B4-172A21602D0A}
	EndGlobalSection
	GlobalSection(ProjectConfigurationPlatforms) = postSolution
		{6BE6C67F-2774-45A6-9922-438A1265F7AB}.Debug|Any CPU.ActiveCfg = Debug|Any CPU
		{6BE6C67F-2774-45A6-9922-438A1265F7AB}.Debug|Any CPU.Build.0 = Debug|Any CPU
		{6BE6C67F-2774-45A6-9922-438A1265F7AB}.Release|Any CPU.ActiveCfg = Release|Any CPU
		{6BE6C67F-2774-45A6-9922-438A1265F7AB}.Release|Any CPU.Build.0 = Release|Any CPU
		{97733100-5300-49C8-9FFA-C73A74485ECA}.Debug|Any CPU.ActiveCfg = Debug|Any CPU
		{97733100-5300-49C8-9FFA-C73A74485ECA}.Debug|Any CPU.Build.0 = Debug|Any CPU
		{97733100-5300-49C8-9FFA-C73A74485ECA}.Release|Any CPU.ActiveCfg = Release|Any CPU
		{97733100-5300-49C8-9FFA-C73A74485ECA}.Release|Any CPU.Build.0 = Release|Any CPU
		{B752336A-CF1A-423F-94D8-668D93C273D3}.Debug|Any CPU.ActiveCfg = Debug|Any CPU
		{B752336A-CF1A-423F-94D8-668D93C273D3}.Debug|Any CPU.Build.0 = Debug|Any CPU
		{B752336A-CF1A-423F-94D8-668D93C273D3}.Release|Any CPU.ActiveCfg = Release|Any CPU
		{B752336A-CF1A-423F-94D8-668D93C273D3}.Release|Any CPU.Build.0 = Release|Any CPU
		{73CE2ABC-9E30-42A1-BBD3-86B296A66F23}.Debug|Any CPU.ActiveCfg = Debug|Any CPU
		{73CE2ABC-9E30-42A1-BBD3-86B296A66F23}.Debug|Any CPU.Build.0 = Debug|Any CPU
		{73CE2ABC-9E30-42A1-BBD3-86B296A66F23}.Release|Any CPU.ActiveCfg = Release|Any CPU
		{73CE2ABC-9E30-42A1-BBD3-86B296A66F23}.Release|Any CPU.Build.0 = Release|Any CPU
		{55E9FAA7-6064-42F9-873C-9B5C24F4E253}.Debug|Any CPU.ActiveCfg = Debug|Any CPU
		{55E9FAA7-6064-42F9-873C-9B5C24F4E253}.Debug|Any CPU.Build.0 = Debug|Any CPU
		{55E9FAA7-6064-42F9-873C-9B5C24F4E253}.Release|Any CPU.ActiveCfg = Release|Any CPU
		{55E9FAA7-6064-42F9-873C-9B5C24F4E253}.Release|Any CPU.Build.0 = Release|Any CPU
	EndGlobalSection
EndGlobal
